lockfileVersion: '9.0'

settings:
  autoInstallPeers: true
  excludeLinksFromLockfile: false

importers:

  .:
    dependencies:
      mongodb:
        specifier: ^7.3.0
        version: 7.3.0
    devDependencies:
      oxfmt:
        specifier: ^0.55.0
        version: 0.55.0
      oxlint:
        specifier: ^1.69.0
        version: 1.70.0

packages:

  '@mongodb-js/saslprep@1.4.11':
    resolution: {integrity: sha512-o9rAHc0IpIjuPSxRutWpE1F62x7n+4mVS4rCNHkzhIUMQcc18bb6xEq5wd2NdN0WjepIyXIppRshYI2kQDOZVA==}

  '@oxfmt/binding-android-arm-eabi@0.55.0':
    resolution: {integrity: sha512-+rFDOqQe5LOWgxrAJaZgLRudr6GQm0wGI6gtu7vVkrdLGjNMUSGbAlaCr8j7F2H2Er97vYQCU8WDb30onqMM1g==}
    engines: {node: ^20.19.0 || >=22.12.0}
    cpu: [arm]
    os: [android]

  '@oxfmt/binding-android-arm64@0.55.0':
    resolution: {integrity: sha512-ctulLq8s3x8Zmvw6+iccB09TIKERAklRSmbJ10gk8mlAn05qZxoyo52dj3Hi9IJcmDSwF54fQaTVh2CbL6PInw==}
    engines: {node: ^20.19.0 || >=22.12.0}
    cpu: [arm64]
    os: [android]

  '@oxfmt/binding-darwin-arm64@0.55.0':
    resolution: {integrity: sha512-xDQczLH9pw/RBk1h/GH0qcGMm8hQtmtVHBNLSH3lk1gEIR09hZ4L+mJQl4VqiVAvPK9VG9PYrWWuSQLt7xTbiA==}
    engines: {node: ^20.19.0 || >=22.12.0}
    cpu: [arm64]
    os: [darwin]

  '@oxfmt/binding-darwin-x64@0.55.0':
    resolution: {integrity: sha512-JaNoFCkF2CJdGgpPSMbuO9HVyXyoNGIhMHPvp6NYAjeVKw9XEYc0HcUWJLPQa3Q69WV5wMa9m5jPMJPtbLtcRg==}
    engines: {node: ^20.19.0 || >=22.12.0}
    cpu: [x64]
    os: [darwin]

  '@oxfmt/binding-freebsd-x64@0.55.0':
    resolution: {integrity: sha512-DNbszhpg6S2MIzax5azdHFTTBIVkR5xr8yyRZuA4yoDAwOkzIp3tmldgKZM2+VlT+hJIG0xUksA+elISzMEAfA==}
    engines: {node: ^20.19.0 || >=22.12.0}
    cpu: [x64]
    os: [freebsd]

  '@oxfmt/binding-linux-arm-gnueabihf@0.55.0':
    resolution: {integrity: sha512-2snoaoRfFFyGnbOcKUK36rREBYxe/Xgz3uHbiA5zbCB/s6R4DQj4mHqYAaWWhgizCUSDxV8cE9zAZ0XleNpKGw==}
    engines: {node: ^20.19.0 || >=22.12.0}
    cpu: [arm]
    os: [linux]

  '@oxfmt/binding-linux-arm-musleabihf@0.55.0':
    resolution: {integrity: sha512-q1aktHF/WRpSK81BX1dE/9vWrS2jGw1Nax2kb4DBLGAewubCLcoNyp4Zl/NSMgbv3vUS46Z33wIQkBVYOP3PYg==}
    engines: {node: ^20.19.0 || >=22.12.0}
    cpu: [arm]
    os: [linux]

  '@oxfmt/binding-linux-arm64-gnu@0.55.0':
    resolution: {integrity: sha512-VD0y36aENezl/3tsclA/4G53Cc7iV+7Uoh7gz4yvcOTaEYBtJpQsE6PKDGTtUtOvGS4kv51ybfXY/nWZejO5IA==}
    engines: {node: ^20.19.0 || >=22.12.0}
    cpu: [arm64]
    os: [linux]
    libc: [glibc]

  '@oxfmt/binding-linux-arm64-musl@0.55.0':
    resolution: {integrity: sha512-r8xlKJFcsRmn0H5jZrdORae6RX9jDBrZVvOoxF+bCQtampQJClv80aZEHsv+NsLsp2KCE5ql79O7DpPVzYWpXA==}
    engines: {node: ^20.19.0 || >=22.12.0}
    cpu: [arm64]
    os: [linux]
    libc: [musl]

  '@oxfmt/binding-linux-ppc64-gnu@0.55.0':
    resolution: {integrity: sha512-GRKv/HXHcwIVld/WU61rF0g0R16hl5EJ+ScKdpjevT57lnLnagj/U2YUbXf2mT+2Pg1uCzWC+mvGicPV3CDdLQ==}
    engines: {node: ^20.19.0 || >=22.12.0}
    cpu: [ppc64]
    os: [linux]
    libc: [glibc]

  '@oxfmt/binding-linux-riscv64-gnu@0.55.0':
    resolution: {integrity: sha512-rdv57enTiPtpSYRMKfAiEbQb0Puw5t9N7isVinDoo5qeLDScro2gznmZqSgSWbVZRzLisTeCTW8Qwgw0bOHv3A==}
    engines: {node: ^20.19.0 || >=22.12.0}
    cpu: [riscv64]
    os: [linux]
    libc: [glibc]

  '@oxfmt/binding-linux-riscv64-musl@0.55.0':
    resolution: {integrity: sha512-7v1nNrlD43VY6+sYQ6efYyb3lE6QY182304PD/768ZxTjOmFd/3dQa3u/nGBUAXYdGSWOQc5N3PnS0QzUXyEIA==}
    engines: {node: ^20.19.0 || >=22.12.0}
    cpu: [riscv64]
    os: [linux]
    libc: [musl]

  '@oxfmt/binding-linux-s390x-gnu@0.55.0':
    resolution: {integrity: sha512-f4lJLUSPOgScjFl9LiflKCTocyNRwE25JmTMbN4XQdDjoZzEHjqf3wA3VESF1/csg7i8m7+EQLbrZyYDqe10UQ==}
    engines: {node: ^20.19.0 || >=22.12.0}
    cpu: [s390x]
    os: [linux]
    libc: [glibc]

  '@oxfmt/binding-linux-x64-gnu@0.55.0':
    resolution: {integrity: sha512-MihqiPziJNoWy4MqNSV+jVA1g+07iQDjZiR0vaCaDoPgFEiJpCMsxamktzLV07cEeQsSJ04vQaU4CzCQwIvtDA==}
    engines: {node: ^20.19.0 || >=22.12.0}
    cpu: [x64]
    os: [linux]
    libc: [glibc]

  '@oxfmt/binding-linux-x64-musl@0.55.0':
    resolution: {integrity: sha512-Yqghym7KYAVjP9MmSrNZiDeerMuoejNjo0r3ox5H3GDKk8eAfl8VyJm9i+pWCLDCTnAbcTUMMN2ZKjUYXH1v3g==}
    engines: {node: ^20.19.0 || >=22.12.0}
    cpu: [x64]
    os: [linux]
    libc: [musl]

  '@oxfmt/binding-openharmony-arm64@0.55.0':
    resolution: {integrity: sha512-s5SDvVVSbyQl1V5UU3Yl12M+XLUQ3rl5SglNqgAA2K4PXUtQhyNSS00wivONPEnNo5W01rCou8WkDNyvI/RGHg==}
    engines: {node: ^20.19.0 || >=22.12.0}
    cpu: [arm64]
    os: [openharmony]

  '@oxfmt/binding-win32-arm64-msvc@0.55.0':
    resolution: {integrity: sha512-7p9FB5R32tw2KyyNX3wpQrR2WHwEHvMEiBlGXxeTCaRMCVNx3UtFMAUbaQ/pRNWIrEUZmYhJ6tcUH52uPTRYjQ==}
    engines: {node: ^20.19.0 || >=22.12.0}
    cpu: [arm64]
    os: [win32]

  '@oxfmt/binding-win32-ia32-msvc@0.55.0':
    resolution: {integrity: sha512-ZYqj3fDnOT1IaVGMP5kpmkQl4F3tQIm2ZyAxvqkJYmI0xgWWak4ss4XYwv3VDfM+TWXeC9K4uQ/wW5jm/5XABA==}
    engines: {node: ^20.19.0 || >=22.12.0}
    cpu: [ia32]
    os: [win32]

  '@oxfmt/binding-win32-x64-msvc@0.55.0':
    resolution: {integrity: sha512-eEYT5tivGnGbPHuOHuQpi6CGLObhh0re/5jcNQHihD2GRYkTM85dyi5a19zjP8Q00t1uqAx+/QGLUGdHeqzWyg==}
    engines: {node: ^20.19.0 || >=22.12.0}
    cpu: [x64]
    os: [win32]

  '@oxlint/binding-android-arm-eabi@1.70.0':
    resolution: {integrity: sha512-zFh0P4cswmRvw6nkyb89dr18rRanuaCPAsEXsFDoQY8WdaquI8Pt4NWFjaMJg6L23cy5NeN8J9cBnREbWzZhaw==}
    engines: {node: ^20.19.0 || >=22.12.0}
    cpu: [arm]
    os: [android]

  '@oxlint/binding-android-arm64@1.70.0':
    resolution: {integrity: sha512-qI8o4HZjeGiBrWv+pJv4lH0Yi2Gl/JSp/EumBUApezJprIKa5PS4nU0lQsQngtky8k+SplQIOjv6hwu0SSxeyg==}
    engines: {node: ^20.19.0 || >=22.12.0}
    cpu: [arm64]
    os: [android]

  '@oxlint/binding-darwin-arm64@1.70.0':
    resolution: {integrity: sha512-8KjgVVHI5F9nVwHCRwwA78Ty7zNKP4Wd9OeN5PSv3iu/F/u1RVXoOCgLhWqust6HmwQG6xc8c+RCyaWENy24+w==}
    engines: {node: ^20.19.0 || >=22.12.0}
    cpu: [arm64]
    os: [darwin]

  '@oxlint/binding-darwin-x64@1.70.0':
    resolution: {integrity: sha512-WVydssv5PSUBXFJTdNBWlmGkbNmvPGaFt/2SUT/EZRB6bq6bEOHmMlbnupZD5jmlEvi9+mZJHi8TCw15lyfSfQ==}
    engines: {node: ^20.19.0 || >=22.12.0}
    cpu: [x64]
    os: [darwin]

  '@oxlint/binding-freebsd-x64@1.70.0':
    resolution: {integrity: sha512-hJucmUf8OlinHNb1R7fI4Fw6WsAstOz7i8nmkWQfiHoZXtbufNm+MxiDTIMk1ggh2Ro4vLzgQ+bKvRY54MZoRA==}
    engines: {node: ^20.19.0 || >=22.12.0}
    cpu: [x64]
    os: [freebsd]

  '@oxlint/binding-linux-arm-gnueabihf@1.70.0':
    resolution: {integrity: sha512-1BnS7wbCYDSXwWzJJ+mc3NURoha6m6m6RT5c6vgAY3oz7C3OVXP+S0awo2mRq97arrJkVvO3qRQfyAHL+76xtQ==}
    engines: {node: ^20.19.0 || >=22.12.0}
    cpu: [arm]
    os: [linux]

  '@oxlint/binding-linux-arm-musleabihf@1.70.0':
    resolution: {integrity: sha512-yKy/UdbR55+M2yEcuiV5DCNC/gdQAjr/GioUy50QwBzSrKm8ueWADqyRLS9Xk+qjNeCYGg6A8FvUBds56ttfqg==}
    engines: {node: ^20.19.0 || >=22.12.0}
    cpu: [arm]
    os: [linux]

  '@oxlint/binding-linux-arm64-gnu@1.70.0':
    resolution: {integrity: sha512-0A5XJ4alvmqFUFP/4oYSyaO+qLto/HrKEWTSaegiVl+HOufFngK2BjYw9x4RbwBt/du5QG6l5q1zeWiJYYG5yg==}
    engines: {node: ^20.19.0 || >=22.12.0}
    cpu: [arm64]
    os: [linux]
    libc: [glibc]

  '@oxlint/binding-linux-arm64-musl@1.70.0':
    resolution: {integrity: sha512-JiylyurlB0CLSedNtx1gzv3FvfWPF1h/2Y3BJszPLNt5XQFlBsH5ke0Jle3iJb3uqu5m2e7A/DwzpuCAHdiU+A==}
    engines: {node: ^20.19.0 || >=22.12.0}
    cpu: [arm64]
    os: [linux]
    libc: [musl]

  '@oxlint/binding-linux-ppc64-gnu@1.70.0':
    resolution: {integrity: sha512-J8VPG7I3/HmgaU4u8pNU2kFx2+0U+vPLS1dXFxXOaR/2TQ0f8AC7DRz0SRGRI1bfphnX2hVYTTtLuhL4nYKL+Q==}
    engines: {node: ^20.19.0 || >=22.12.0}
    cpu: [ppc64]
    os: [linux]
    libc: [glibc]

  '@oxlint/binding-linux-riscv64-gnu@1.70.0':
    resolution: {integrity: sha512-N2+4lV2KLN+oXTIIIwmWDhwkrnvqf5oX7Hw0zPjk+RuIVgiBQSOlJWF7uQoFx2siEYX0ZQ5cfSbEAHm+J3t7Wg==}
    engines: {node: ^20.19.0 || >=22.12.0}
    cpu: [riscv64]
    os: [linux]
    libc: [glibc]

  '@oxlint/binding-linux-riscv64-musl@1.70.0':
    resolution: {integrity: sha512-1e2L7cFCvx9QDzq6NPP+0tABKb5z6nWHyddWTNKprEsjO9xNrAtPowuCGpjNXxkTdsMiZ4jc8YQ5SstZd4XK6g==}
    engines: {node: ^20.19.0 || >=22.12.0}
    cpu: [riscv64]
    os: [linux]
    libc: [musl]

  '@oxlint/binding-linux-s390x-gnu@1.70.0':
    resolution: {integrity: sha512-Kwu/l/8GcYibCWA9m9N5pRXMIKVSsL/YbgpLzYkqDhWTiqdRfnNJ/+nqIKRKQiFbHWsdlHEhzMwruJK+qcEruA==}
    engines: {node: ^20.19.0 || >=22.12.0}
    cpu: [s390x]
    os: [linux]
    libc: [glibc]

  '@oxlint/binding-linux-x64-gnu@1.70.0':
    resolution: {integrity: sha512-tap04CsHYOl0nSAQJfPNIuBxqEPB2HnhQqwaOXLg1jnp2XfRo8Fa814dA4QC4zpvTWXCjAAaCY1W5LOORkEQuQ==}
    engines: {node: ^20.19.0 || >=22.12.0}
    cpu: [x64]
    os: [linux]
    libc: [glibc]

  '@oxlint/binding-linux-x64-musl@1.70.0':
    resolution: {integrity: sha512-hzJa/WgvtJpbBD9rgfy0qe+MjbxOXNUT0bfR1S6EQQzfTtBFA9xg5q8KSwRrQ2QfSS+TaP4j+4mVPQrfNc6UNg==}
    engines: {node: ^20.19.0 || >=22.12.0}
    cpu: [x64]
    os: [linux]
    libc: [musl]

  '@oxlint/binding-openharmony-arm64@1.70.0':
    resolution: {integrity: sha512-xbsaNSNzVSnaJACCUYr1HQMyY/Q/Q1LkePmHG3UvZPvGCYGNxrsZp9OmtA6ick8xH47ltRRbRrPCM1YXYcyC+A==}
    engines: {node: ^20.19.0 || >=22.12.0}
    cpu: [arm64]
    os: [openharmony]

  '@oxlint/binding-win32-arm64-msvc@1.70.0':
    resolution: {integrity: sha512-icAEsUI7JbW1TMRdEXV83mVAInhRVQYuuAlPpxdGwJ95chNdnCzjloRW8GglT0WvzOEZSio6fnYSk2DJ2Hv7LQ==}
    engines: {node: ^20.19.0 || >=22.12.0}
    cpu: [arm64]
    os: [win32]

  '@oxlint/binding-win32-ia32-msvc@1.70.0':
    resolution: {integrity: sha512-FHMSWbVsPVs/f+Jcl04ws4JJ2wUnauyTzlpxWRG/lSO/8GpX08Fo2gQZqdA6CrRFI+zvkxl+N/KwJGWfUwYVZA==}
    engines: {node: ^20.19.0 || >=22.12.0}
    cpu: [ia32]
    os: [win32]

  '@oxlint/binding-win32-x64-msvc@1.70.0':
    resolution: {integrity: sha512-ptOlKwCz7n4AKs5VweMqG6DAg677FmKOK+vBkkL9DMNgFATIQ+upqUYBTOEwRQyRAx1ncGlPlXleV2hIcm3z4g==}
    engines: {node: ^20.19.0 || >=22.12.0}
    cpu: [x64]
    os: [win32]

  '@types/webidl-conversions@7.0.3':
    resolution: {integrity: sha512-CiJJvcRtIgzadHCYXw7dqEnMNRjhGZlYK05Mj9OyktqV8uVT8fD2BFOB7S1uwBE3Kj2Z+4UyPmFw/Ixgw/LAlA==}

  '@types/whatwg-url@13.0.0':
    resolution: {integrity: sha512-N8WXpbE6Wgri7KUSvrmQcqrMllKZ9uxkYWMt+mCSGwNc0Hsw9VQTW7ApqI4XNrx6/SaM2QQJCzMPDEXE058s+Q==}

  bson@7.2.0:
    resolution: {integrity: sha512-YCEo7KjMlbNlyHhz7zAZNDpIpQbd+wOEHJYezv0nMYTn4x31eIUM2yomNNubclAt63dObUzKHWsBLJ9QcZNSnQ==}
    engines: {node: '>=20.19.0'}

  memory-pager@1.5.0:
    resolution: {integrity: sha512-ZS4Bp4r/Zoeq6+NLJpP+0Zzm0pR8whtGPf1XExKLJBAczGMnSi3It14OiNCStjQjM6NU1okjQGSxgEZN8eBYKg==}

  mongodb-connection-string-url@7.0.1:
    resolution: {integrity: sha512-h0AZ9A7IDVwwHyMxmdMXKy+9oNlF0zFoahHiX3vQ8e3KFcSP3VmsmfvtRSuLPxmyv2vjIDxqty8smTgie/SNRQ==}
    engines: {node: '>=20.19.0'}

  mongodb@7.3.0:
    resolution: {integrity: sha512-WpCqSx7JAU9vcyjm/SU7ydnHls2YrfU3Y3sx4Ml9D7sPe4mXPlaapndiurDXrQ7/VvJkB4/i7b7WovHb8bd8sg==}
    engines: {node: '>=20.19.0'}
    peerDependencies:
      '@aws-sdk/credential-providers': ^3.806.0
      '@mongodb-js/zstd': ^7.0.0
      gcp-metadata: ^7.0.1
      kerberos: ^7.0.0
      mongodb-client-encryption: '>=7.0.0 <7.1.0'
      snappy: ^7.3.2
      socks: ^2.8.6
    peerDependenciesMeta:
      '@aws-sdk/credential-providers':
        optional: true
      '@mongodb-js/zstd':
        optional: true
      gcp-metadata:
        optional: true
      kerberos:
        optional: true
      mongodb-client-encryption:
        optional: true
      snappy:
        optional: true
      socks:
        optional: true

  oxfmt@0.55.0:
    resolution: {integrity: sha512-jSj2wCTakwgPMxkfiVZX0jf+nX+Nz6xlyAZjqNE0qXTFdCBPYlP6JAN+ODjmealw7DXBjOzYbdsqwBMAZnPZ6A==}
    engines: {node: ^20.19.0 || >=22.12.0}
    hasBin: true
    peerDependencies:
      svelte: ^5.0.0
      vite-plus: '*'
    peerDependenciesMeta:
      svelte:
        optional: true
      vite-plus:
        optional: true

  oxlint@1.70.0:
    resolution: {integrity: sha512-D6JgHtzkhRwvEC+A0Nw5AEc5bk8x5i1pHzvZIEf/a0C4hOzmAACNGtkDGPyFaxxX3ZVGxCPeig3P3rMM8XU3/g==}
    engines: {node: ^20.19.0 || >=22.12.0}
    hasBin: true
    peerDependencies:
      oxlint-tsgolint: '>=0.22.1'
      vite-plus: '*'
    peerDependenciesMeta:
      oxlint-tsgolint:
        optional: true
      vite-plus:
        optional: true

  punycode@2.3.1:
    resolution: {integrity: sha512-vYt7UD1U9Wg6138shLtLOvdAu+8DsC/ilFtEVHcH+wydcSpNE20AfSOduf6MkRFahL5FY7X1oU7nKVZFtfq8Fg==}
    engines: {node: '>=6'}

  sparse-bitfield@3.0.3:
    resolution: {integrity: sha512-kvzhi7vqKTfkh0PZU+2D2PIllw2ymqJKujUcyPMd9Y75Nv4nPbGJZXNhxsgdQab2BmlDct1YnfQCguEvHr7VsQ==}

  tinypool@2.1.0:
    resolution: {integrity: sha512-Pugqs6M0m7Lv1I7FtxN4aoyToKg1C4tu+/381vH35y8oENM/Ai7f7C4StcoK4/+BSw9ebcS8jRiVrORFKCALLw==}
    engines: {node: ^20.0.0 || >=22.0.0}

  tr46@5.1.1:
    resolution: {integrity: sha512-hdF5ZgjTqgAntKkklYw0R03MG2x/bSzTtkxmIRw/sTNV8YXsCJ1tfLAX23lhxhHJlEf3CRCOCGGWw3vI3GaSPw==}
    engines: {node: '>=18'}

  webidl-conversions@7.0.0:
    resolution: {integrity: sha512-VwddBukDzu71offAQR975unBIGqfKZpM+8ZX6ySk8nYhVoo5CYaZyzt3YBvYtRtO+aoGlqxPg/B87NGVZ/fu6g==}
    engines: {node: '>=12'}

  whatwg-url@14.2.0:
    resolution: {integrity: sha512-De72GdQZzNTUBBChsXueQUnPKDkg/5A5zp7pFDuQAj5UFoENpiACU0wlCvzpAGnTkj++ihpKwKyYewn/XNUbKw==}
    engines: {node: '>=18'}

snapshots:

  '@mongodb-js/saslprep@1.4.11':
    dependencies:
      sparse-bitfield: 3.0.3

  '@oxfmt/binding-android-arm-eabi@0.55.0':
    optional: true

  '@oxfmt/binding-android-arm64@0.55.0':
    optional: true

  '@oxfmt/binding-darwin-arm64@0.55.0':
    optional: true

  '@oxfmt/binding-darwin-x64@0.55.0':
    optional: true

  '@oxfmt/binding-freebsd-x64@0.55.0':
    optional: true

  '@oxfmt/binding-linux-arm-gnueabihf@0.55.0':
    optional: true

  '@oxfmt/binding-linux-arm-musleabihf@0.55.0':
    optional: true

  '@oxfmt/binding-linux-arm64-gnu@0.55.0':
    optional: true

  '@oxfmt/binding-linux-arm64-musl@0.55.0':
    optional: true

  '@oxfmt/binding-linux-ppc64-gnu@0.55.0':
    optional: true

  '@oxfmt/binding-linux-riscv64-gnu@0.55.0':
    optional: true

  '@oxfmt/binding-linux-riscv64-musl@0.55.0':
    optional: true

  '@oxfmt/binding-linux-s390x-gnu@0.55.0':
    optional: true

  '@oxfmt/binding-linux-x64-gnu@0.55.0':
    optional: true

  '@oxfmt/binding-linux-x64-musl@0.55.0':
    optional: true

  '@oxfmt/binding-openharmony-arm64@0.55.0':
    optional: true

  '@oxfmt/binding-win32-arm64-msvc@0.55.0':
    optional: true

  '@oxfmt/binding-win32-ia32-msvc@0.55.0':
    optional: true

  '@oxfmt/binding-win32-x64-msvc@0.55.0':
    optional: true

  '@oxlint/binding-android-arm-eabi@1.70.0':
    optional: true

  '@oxlint/binding-android-arm64@1.70.0':
    optional: true

  '@oxlint/binding-darwin-arm64@1.70.0':
    optional: true

  '@oxlint/binding-darwin-x64@1.70.0':
    optional: true

  '@oxlint/binding-freebsd-x64@1.70.0':
    optional: true

  '@oxlint/binding-linux-arm-gnueabihf@1.70.0':
    optional: true

  '@oxlint/binding-linux-arm-musleabihf@1.70.0':
    optional: true

  '@oxlint/binding-linux-arm64-gnu@1.70.0':
    optional: true

  '@oxlint/binding-linux-arm64-musl@1.70.0':
    optional: true

  '@oxlint/binding-linux-ppc64-gnu@1.70.0':
    optional: true

  '@oxlint/binding-linux-riscv64-gnu@1.70.0':
    optional: true

  '@oxlint/binding-linux-riscv64-musl@1.70.0':
    optional: true

  '@oxlint/binding-linux-s390x-gnu@1.70.0':
    optional: true

  '@oxlint/binding-linux-x64-gnu@1.70.0':
    optional: true

  '@oxlint/binding-linux-x64-musl@1.70.0':
    optional: true

  '@oxlint/binding-openharmony-arm64@1.70.0':
    optional: true

  '@oxlint/binding-win32-arm64-msvc@1.70.0':
    optional: true

  '@oxlint/binding-win32-ia32-msvc@1.70.0':
    optional: true

  '@oxlint/binding-win32-x64-msvc@1.70.0':
    optional: true

  '@types/webidl-conversions@7.0.3': {}

  '@types/whatwg-url@13.0.0':
    dependencies:
      '@types/webidl-conversions': 7.0.3

  bson@7.2.0: {}

  memory-pager@1.5.0: {}

  mongodb-connection-string-url@7.0.1:
    dependencies:
      '@types/whatwg-url': 13.0.0
      whatwg-url: 14.2.0

  mongodb@7.3.0:
    dependencies:
      '@mongodb-js/saslprep': 1.4.11
      bson: 7.2.0
      mongodb-connection-string-url: 7.0.1

  oxfmt@0.55.0:
    dependencies:
      tinypool: 2.1.0
    optionalDependencies:
      '@oxfmt/binding-android-arm-eabi': 0.55.0
      '@oxfmt/binding-android-arm64': 0.55.0
      '@oxfmt/binding-darwin-arm64': 0.55.0
      '@oxfmt/binding-darwin-x64': 0.55.0
      '@oxfmt/binding-freebsd-x64': 0.55.0
      '@oxfmt/binding-linux-arm-gnueabihf': 0.55.0
      '@oxfmt/binding-linux-arm-musleabihf': 0.55.0
      '@oxfmt/binding-linux-arm64-gnu': 0.55.0
      '@oxfmt/binding-linux-arm64-musl': 0.55.0
      '@oxfmt/binding-linux-ppc64-gnu': 0.55.0
      '@oxfmt/binding-linux-riscv64-gnu': 0.55.0
      '@oxfmt/binding-linux-riscv64-musl': 0.55.0
      '@oxfmt/binding-linux-s390x-gnu': 0.55.0
      '@oxfmt/binding-linux-x64-gnu': 0.55.0
      '@oxfmt/binding-linux-x64-musl': 0.55.0
      '@oxfmt/binding-openharmony-arm64': 0.55.0
      '@oxfmt/binding-win32-arm64-msvc': 0.55.0
      '@oxfmt/binding-win32-ia32-msvc': 0.55.0
      '@oxfmt/binding-win32-x64-msvc': 0.55.0

  oxlint@1.70.0:
    optionalDependencies:
      '@oxlint/binding-android-arm-eabi': 1.70.0
      '@oxlint/binding-android-arm64': 1.70.0
      '@oxlint/binding-darwin-arm64': 1.70.0
      '@oxlint/binding-darwin-x64': 1.70.0
      '@oxlint/binding-freebsd-x64': 1.70.0
      '@oxlint/binding-linux-arm-gnueabihf': 1.70.0
      '@oxlint/binding-linux-arm-musleabihf': 1.70.0
      '@oxlint/binding-linux-arm64-gnu': 1.70.0
      '@oxlint/binding-linux-arm64-musl': 1.70.0
      '@oxlint/binding-linux-ppc64-gnu': 1.70.0
      '@oxlint/binding-linux-riscv64-gnu': 1.70.0
      '@oxlint/binding-linux-riscv64-musl': 1.70.0
      '@oxlint/binding-linux-s390x-gnu': 1.70.0
      '@oxlint/binding-linux-x64-gnu': 1.70.0
      '@oxlint/binding-linux-x64-musl': 1.70.0
      '@oxlint/binding-openharmony-arm64': 1.70.0
      '@oxlint/binding-win32-arm64-msvc': 1.70.0
      '@oxlint/binding-win32-ia32-msvc': 1.70.0
      '@oxlint/binding-win32-x64-msvc': 1.70.0

  punycode@2.3.1: {}

  sparse-bitfield@3.0.3:
    dependencies:
      memory-pager: 1.5.0

  tinypool@2.1.0: {}

  tr46@5.1.1:
    dependencies:
      punycode: 2.3.1

  webidl-conversions@7.0.0: {}

  whatwg-url@14.2.0:
    dependencies:
      tr46: 5.1.1
      webidl-conversions: 7.0.0
